
Microsoft Visual Studio Solution File, Format Version 12.00
# Visual Studio Version 16
VisualStudioVersion = 16.0.28729.10
MinimumVisualStudioVersion = 10.0.40219.1
Project("{9A19103F-16F7-4668-BE54-9A1E7A4F7556}") = "Apollo.Configuration.Demo", "Apollo.Configuration.Demo\Apollo.Configuration.Demo.csproj", "{D78C920D-C96B-4973-BBC8-35E5DB54DF2A}"
EndProject
Project("{9A19103F-16F7-4668-BE54-9A1E7A4F7556}") = "Apollo", "Apollo\Apollo.csproj", "{B231A39E-9D8A-4F63-9DFF-4FB7B5A900AB}"
EndProject
Project("{9A19103F-16F7-4668-BE54-9A1E7A4F7556}") = "Apollo.Configuration", "Apollo.Configuration\Apollo.Configuration.csproj", "{5AE563BF-2E6F-4096-A324-7A5A72B2CBAC}"
EndProject
Project("{9A19103F-16F7-4668-BE54-9A1E7A4F7556}") = "Apollo.ConfigurationManager", "Apollo.ConfigurationManager\Apollo.ConfigurationManager.csproj", "{CE700879-20DD-4FAE-B431-884802B99A2D}"
EndProject
Project("{2150E333-8FDC-42A3-9474-1A3956D46DE8}") = "Solution Items", "Solution Items", "{52301167-7BBA-48C2-BA36-08270D57D2C4}"
	ProjectSection(SolutionItems) = preProject
		Directory.Build.props = Directory.Build.props
		README.md = README.md
	EndProjectSection
EndProject
Project("{9A19103F-16F7-4668-BE54-9A1E7A4F7556}") = "Apollo.ConfigurationManager.Demo", "Apollo.ConfigurationManager.Demo\Apollo.ConfigurationManager.Demo.csproj", "{51A78BF1-4708-45EC-9F2E-59A24D64DB05}"
EndProject
Project("{2150E333-8FDC-42A3-9474-1A3956D46DE8}") = "Demo", "Demo", "{12417079-E62C-4F29-ADDE-5EABD77331E2}"
EndProject
Project("{FAE04EC0-301F-11D3-BF4B-00C04F79EFBC}") = "Apollo.AspNet.Demo", "Apollo.AspNet.Demo\Apollo.AspNet.Demo.csproj", "{E1EF936E-182E-47BD-B658-87C0D872AB0C}"
EndProject
Project("{2150E333-8FDC-42A3-9474-1A3956D46DE8}") = "src", "src", "{C9CB5265-6B89-42F1-BA20-2F85427359E7}"
EndProject
Project("{2150E333-8FDC-42A3-9474-1A3956D46DE8}") = "test", "test", "{24717111-7EE5-4F52-B1BA-328167E51C91}"
EndProject
Project("{9A19103F-16F7-4668-BE54-9A1E7A4F7556}") = "Apollo.Configuration.Tests", "Apollo.Configuration.Tests\Apollo.Configuration.Tests.csproj", "{BBD59F3E-FB5A-4972-8195-AC980E9677FD}"
EndProject
Project("{9A19103F-16F7-4668-BE54-9A1E7A4F7556}") = "Apollo.Tests", "Apollo.Tests\Apollo.Tests.csproj", "{0E0A93F8-27ED-4114-81CB-AA6250EF8CDD}"
EndProject
Project("{9A19103F-16F7-4668-BE54-9A1E7A4F7556}") = "Apollo.ConfigurationManager.Tests", "Apollo.ConfigurationManager.Tests\Apollo.ConfigurationManager.Tests.csproj", "{0F441878-CCF9-40EB-B190-825D86883920}"
EndProject
Project("{9A19103F-16F7-4668-BE54-9A1E7A4F7556}") = "Apollo.AspNetCore.Demo", "Apollo.AspNetCore.Demo\Apollo.AspNetCore.Demo.csproj", "{8D1A9478-6E11-4FB2-8537-E7497E004612}"
EndProject
Project("{9A19103F-16F7-4668-BE54-9A1E7A4F7556}") = "Apollo.ConfigAdapter.Yaml", "Apollo.ConfigAdapter.Yaml\Apollo.ConfigAdapter.Yaml.csproj", "{DA39FFF7-0FC5-4F5B-8224-AA8E3026BBC0}"
EndProject
Project("{9A19103F-16F7-4668-BE54-9A1E7A4F7556}") = "Apollo.ConfigAdapter.Yaml.Tests", "Apollo.ConfigAdapter.Yaml.Tests\Apollo.ConfigAdapter.Yaml.Tests.csproj", "{8E91B287-88A7-4AAA-B5E2-6ED46C2DBC2D}"
EndProject
Project("{9A19103F-16F7-4668-BE54-9A1E7A4F7556}") = "Apollo.OpenApi", "Apollo.OpenApi\Apollo.OpenApi.csproj", "{D3A91B3E-3C8E-429F-A5BA-B3178AB1D5A1}"
EndProject
Project("{9A19103F-16F7-4668-BE54-9A1E7A4F7556}") = "Apollo.OpenApi.DependencyInjection", "Apollo.OpenApi.DependencyInjection\Apollo.OpenApi.DependencyInjection.csproj", "{DF925964-C88B-4DCC-8509-EAB1847D1B05}"
EndProject
Project("{9A19103F-16F7-4668-BE54-9A1E7A4F7556}") = "Apollo.OpenApi.Tests", "Apollo.OpenApi.Tests\Apollo.OpenApi.Tests.csproj", "{62AB1893-C173-41C7-9884-46A199244B13}"
EndProject
Project("{FAE04EC0-301F-11D3-BF4B-00C04F79EFBC}") = "Apollo.ExtensionsHosting", "Apollo.ExtensionsHosting\Apollo.ExtensionsHosting.csproj", "{65DED7CA-9B84-45AE-84D4-13400A3842D7}"
EndProject
Project("{FAE04EC0-301F-11D3-BF4B-00C04F79EFBC}") = "Apollo.AspNetCoreHosting", "Apollo.AspNetCoreHosting\Apollo.AspNetCoreHosting.csproj", "{78AB89DD-1D81-4619-8750-2DABDA071FD4}"
EndProject
Global
	GlobalSection(SolutionConfigurationPlatforms) = preSolution
		Debug|Any CPU = Debug|Any CPU
		Debug|Mixed Platforms = Debug|Mixed Platforms
		Debug|x86 = Debug|x86
		Release|Any CPU = Release|Any CPU
		Release|Mixed Platforms = Release|Mixed Platforms
		Release|x86 = Release|x86
	EndGlobalSection
	GlobalSection(ProjectConfigurationPlatforms) = postSolution
		{D78C920D-C96B-4973-BBC8-35E5DB54DF2A}.Debug|Any CPU.ActiveCfg = Debug|Any CPU
		{D78C920D-C96B-4973-BBC8-35E5DB54DF2A}.Debug|Any CPU.Build.0 = Debug|Any CPU
		{D78C920D-C96B-4973-BBC8-35E5DB54DF2A}.Debug|Mixed Platforms.ActiveCfg = Debug|Any CPU
		{D78C920D-C96B-4973-BBC8-35E5DB54DF2A}.Debug|Mixed Platforms.Build.0 = Debug|Any CPU
		{D78C920D-C96B-4973-BBC8-35E5DB54DF2A}.Debug|x86.ActiveCfg = Debug|Any CPU
		{D78C920D-C96B-4973-BBC8-35E5DB54DF2A}.Debug|x86.Build.0 = Debug|Any CPU
		{D78C920D-C96B-4973-BBC8-35E5DB54DF2A}.Release|Any CPU.ActiveCfg = Release|Any CPU
		{D78C920D-C96B-4973-BBC8-35E5DB54DF2A}.Release|Any CPU.Build.0 = Release|Any CPU
		{D78C920D-C96B-4973-BBC8-35E5DB54DF2A}.Release|Mixed Platforms.ActiveCfg = Release|Any CPU
		{D78C920D-C96B-4973-BBC8-35E5DB54DF2A}.Release|Mixed Platforms.Build.0 = Release|Any CPU
		{D78C920D-C96B-4973-BBC8-35E5DB54DF2A}.Release|x86.ActiveCfg = Release|Any CPU
		{D78C920D-C96B-4973-BBC8-35E5DB54DF2A}.Release|x86.Build.0 = Release|Any CPU
		{B231A39E-9D8A-4F63-9DFF-4FB7B5A900AB}.Debug|Any CPU.ActiveCfg = Debug|Any CPU
		{B231A39E-9D8A-4F63-9DFF-4FB7B5A900AB}.Debug|Any CPU.Build.0 = Debug|Any CPU
		{B231A39E-9D8A-4F63-9DFF-4FB7B5A900AB}.Debug|Mixed Platforms.ActiveCfg = Debug|Any CPU
		{B231A39E-9D8A-4F63-9DFF-4FB7B5A900AB}.Debug|Mixed Platforms.Build.0 = Debug|Any CPU
		{B231A39E-9D8A-4F63-9DFF-4FB7B5A900AB}.Debug|x86.ActiveCfg = Debug|Any CPU
		{B231A39E-9D8A-4F63-9DFF-4FB7B5A900AB}.Release|Any CPU.ActiveCfg = Release|Any CPU
		{B231A39E-9D8A-4F63-9DFF-4FB7B5A900AB}.Release|Any CPU.Build.0 = Release|Any CPU
		{B231A39E-9D8A-4F63-9DFF-4FB7B5A900AB}.Release|Mixed Platforms.ActiveCfg = Release|Any CPU
		{B231A39E-9D8A-4F63-9DFF-4FB7B5A900AB}.Release|Mixed Platforms.Build.0 = Release|Any CPU
		{B231A39E-9D8A-4F63-9DFF-4FB7B5A900AB}.Release|x86.ActiveCfg = Release|Any CPU
		{5AE563BF-2E6F-4096-A324-7A5A72B2CBAC}.Debug|Any CPU.ActiveCfg = Debug|Any CPU
		{5AE563BF-2E6F-4096-A324-7A5A72B2CBAC}.Debug|Any CPU.Build.0 = Debug|Any CPU
		{5AE563BF-2E6F-4096-A324-7A5A72B2CBAC}.Debug|Mixed Platforms.ActiveCfg = Debug|Any CPU
		{5AE563BF-2E6F-4096-A324-7A5A72B2CBAC}.Debug|Mixed Platforms.Build.0 = Debug|Any CPU
		{5AE563BF-2E6F-4096-A324-7A5A72B2CBAC}.Debug|x86.ActiveCfg = Debug|Any CPU
		{5AE563BF-2E6F-4096-A324-7A5A72B2CBAC}.Debug|x86.Build.0 = Debug|Any CPU
		{5AE563BF-2E6F-4096-A324-7A5A72B2CBAC}.Release|Any CPU.ActiveCfg = Release|Any CPU
		{5AE563BF-2E6F-4096-A324-7A5A72B2CBAC}.Release|Any CPU.Build.0 = Release|Any CPU
		{5AE563BF-2E6F-4096-A324-7A5A72B2CBAC}.Release|Mixed Platforms.ActiveCfg = Release|Any CPU
		{5AE563BF-2E6F-4096-A324-7A5A72B2CBAC}.Release|Mixed Platforms.Build.0 = Release|Any CPU
		{5AE563BF-2E6F-4096-A324-7A5A72B2CBAC}.Release|x86.ActiveCfg = Release|Any CPU
		{5AE563BF-2E6F-4096-A324-7A5A72B2CBAC}.Release|x86.Build.0 = Release|Any CPU
		{CE700879-20DD-4FAE-B431-884802B99A2D}.Debug|Any CPU.ActiveCfg = Debug|Any CPU
		{CE700879-20DD-4FAE-B431-884802B99A2D}.Debug|Any CPU.Build.0 = Debug|Any CPU
		{CE700879-20DD-4FAE-B431-884802B99A2D}.Debug|Mixed Platforms.ActiveCfg = Debug|Any CPU
		{CE700879-20DD-4FAE-B431-884802B99A2D}.Debug|Mixed Platforms.Build.0 = Debug|Any CPU
		{CE700879-20DD-4FAE-B431-884802B99A2D}.Debug|x86.ActiveCfg = Debug|Any CPU
		{CE700879-20DD-4FAE-B431-884802B99A2D}.Debug|x86.Build.0 = Debug|Any CPU
		{CE700879-20DD-4FAE-B431-884802B99A2D}.Release|Any CPU.ActiveCfg = Release|Any CPU
		{CE700879-20DD-4FAE-B431-884802B99A2D}.Release|Any CPU.Build.0 = Release|Any CPU
		{CE700879-20DD-4FAE-B431-884802B99A2D}.Release|Mixed Platforms.ActiveCfg = Release|Any CPU
		{CE700879-20DD-4FAE-B431-884802B99A2D}.Release|Mixed Platforms.Build.0 = Release|Any CPU
		{CE700879-20DD-4FAE-B431-884802B99A2D}.Release|x86.ActiveCfg = Release|Any CPU
		{CE700879-20DD-4FAE-B431-884802B99A2D}.Release|x86.Build.0 = Release|Any CPU
		{51A78BF1-4708-45EC-9F2E-59A24D64DB05}.Debug|Any CPU.ActiveCfg = Debug|Any CPU
		{51A78BF1-4708-45EC-9F2E-59A24D64DB05}.Debug|Any CPU.Build.0 = Debug|Any CPU
		{51A78BF1-4708-45EC-9F2E-59A24D64DB05}.Debug|Mixed Platforms.ActiveCfg = Debug|Any CPU
		{51A78BF1-4708-45EC-9F2E-59A24D64DB05}.Debug|Mixed Platforms.Build.0 = Debug|Any CPU
		{51A78BF1-4708-45EC-9F2E-59A24D64DB05}.Debug|x86.ActiveCfg = Debug|Any CPU
		{51A78BF1-4708-45EC-9F2E-59A24D64DB05}.Debug|x86.Build.0 = Debug|Any CPU
		{51A78BF1-4708-45EC-9F2E-59A24D64DB05}.Release|Any CPU.ActiveCfg = Release|Any CPU
		{51A78BF1-4708-45EC-9F2E-59A24D64DB05}.Release|Any CPU.Build.0 = Release|Any CPU
		{51A78BF1-4708-45EC-9F2E-59A24D64DB05}.Release|Mixed Platforms.ActiveCfg = Release|Any CPU
		{51A78BF1-4708-45EC-9F2E-59A24D64DB05}.Release|Mixed Platforms.Build.0 = Release|Any CPU
		{51A78BF1-4708-45EC-9F2E-59A24D64DB05}.Release|x86.ActiveCfg = Release|Any CPU
		{51A78BF1-4708-45EC-9F2E-59A24D64DB05}.Release|x86.Build.0 = Release|Any CPU
		{E1EF936E-182E-47BD-B658-87C0D872AB0C}.Debug|Any CPU.ActiveCfg = Debug|Any CPU
		{E1EF936E-182E-47BD-B658-87C0D872AB0C}.Debug|Any CPU.Build.0 = Debug|Any CPU
		{E1EF936E-182E-47BD-B658-87C0D872AB0C}.Debug|Mixed Platforms.ActiveCfg = Debug|Any CPU
		{E1EF936E-182E-47BD-B658-87C0D872AB0C}.Debug|Mixed Platforms.Build.0 = Debug|Any CPU
		{E1EF936E-182E-47BD-B658-87C0D872AB0C}.Debug|x86.ActiveCfg = Debug|Any CPU
		{E1EF936E-182E-47BD-B658-87C0D872AB0C}.Debug|x86.Build.0 = Debug|Any CPU
		{E1EF936E-182E-47BD-B658-87C0D872AB0C}.Release|Any CPU.ActiveCfg = Release|Any CPU
		{E1EF936E-182E-47BD-B658-87C0D872AB0C}.Release|Any CPU.Build.0 = Release|Any CPU
		{E1EF936E-182E-47BD-B658-87C0D872AB0C}.Release|Mixed Platforms.ActiveCfg = Release|Any CPU
		{E1EF936E-182E-47BD-B658-87C0D872AB0C}.Release|Mixed Platforms.Build.0 = Release|Any CPU
		{E1EF936E-182E-47BD-B658-87C0D872AB0C}.Release|x86.ActiveCfg = Release|Any CPU
		{E1EF936E-182E-47BD-B658-87C0D872AB0C}.Release|x86.Build.0 = Release|Any CPU
		{BBD59F3E-FB5A-4972-8195-AC980E9677FD}.Debug|Any CPU.ActiveCfg = Debug|Any CPU
		{BBD59F3E-FB5A-4972-8195-AC980E9677FD}.Debug|Any CPU.Build.0 = Debug|Any CPU
		{BBD59F3E-FB5A-4972-8195-AC980E9677FD}.Debug|Mixed Platforms.ActiveCfg = Debug|Any CPU
		{BBD59F3E-FB5A-4972-8195-AC980E9677FD}.Debug|Mixed Platforms.Build.0 = Debug|Any CPU
		{BBD59F3E-FB5A-4972-8195-AC980E9677FD}.Debug|x86.ActiveCfg = Debug|Any CPU
		{BBD59F3E-FB5A-4972-8195-AC980E9677FD}.Debug|x86.Build.0 = Debug|Any CPU
		{BBD59F3E-FB5A-4972-8195-AC980E9677FD}.Release|Any CPU.ActiveCfg = Release|Any CPU
		{BBD59F3E-FB5A-4972-8195-AC980E9677FD}.Release|Any CPU.Build.0 = Release|Any CPU
		{BBD59F3E-FB5A-4972-8195-AC980E9677FD}.Release|Mixed Platforms.ActiveCfg = Release|Any CPU
		{BBD59F3E-FB5A-4972-8195-AC980E9677FD}.Release|Mixed Platforms.Build.0 = Release|Any CPU
		{BBD59F3E-FB5A-4972-8195-AC980E9677FD}.Release|x86.ActiveCfg = Release|Any CPU
		{BBD59F3E-FB5A-4972-8195-AC980E9677FD}.Release|x86.Build.0 = Release|Any CPU
		{0E0A93F8-27ED-4114-81CB-AA6250EF8CDD}.Debug|Any CPU.ActiveCfg = Debug|Any CPU
		{0E0A93F8-27ED-4114-81CB-AA6250EF8CDD}.Debug|Any CPU.Build.0 = Debug|Any CPU
		{0E0A93F8-27ED-4114-81CB-AA6250EF8CDD}.Debug|Mixed Platforms.ActiveCfg = Debug|Any CPU
		{0E0A93F8-27ED-4114-81CB-AA6250EF8CDD}.Debug|Mixed Platforms.Build.0 = Debug|Any CPU
		{0E0A93F8-27ED-4114-81CB-AA6250EF8CDD}.Debug|x86.ActiveCfg = Debug|Any CPU
		{0E0A93F8-27ED-4114-81CB-AA6250EF8CDD}.Debug|x86.Build.0 = Debug|Any CPU
		{0E0A93F8-27ED-4114-81CB-AA6250EF8CDD}.Release|Any CPU.ActiveCfg = Release|Any CPU
		{0E0A93F8-27ED-4114-81CB-AA6250EF8CDD}.Release|Any CPU.Build.0 = Release|Any CPU
		{0E0A93F8-27ED-4114-81CB-AA6250EF8CDD}.Release|Mixed Platforms.ActiveCfg = Release|Any CPU
		{0E0A93F8-27ED-4114-81CB-AA6250EF8CDD}.Release|Mixed Platforms.Build.0 = Release|Any CPU
		{0E0A93F8-27ED-4114-81CB-AA6250EF8CDD}.Release|x86.ActiveCfg = Release|Any CPU
		{0E0A93F8-27ED-4114-81CB-AA6250EF8CDD}.Release|x86.Build.0 = Release|Any CPU
		{0F441878-CCF9-40EB-B190-825D86883920}.Debug|Any CPU.ActiveCfg = Debug|Any CPU
		{0F441878-CCF9-40EB-B190-825D86883920}.Debug|Any CPU.Build.0 = Debug|Any CPU
		{0F441878-CCF9-40EB-B190-825D86883920}.Debug|Mixed Platforms.ActiveCfg = Debug|Any CPU
		{0F441878-CCF9-40EB-B190-825D86883920}.Debug|Mixed Platforms.Build.0 = Debug|Any CPU
		{0F441878-CCF9-40EB-B190-825D86883920}.Debug|x86.ActiveCfg = Debug|Any CPU
		{0F441878-CCF9-40EB-B190-825D86883920}.Debug|x86.Build.0 = Debug|Any CPU
		{0F441878-CCF9-40EB-B190-825D86883920}.Release|Any CPU.ActiveCfg = Release|Any CPU
		{0F441878-CCF9-40EB-B190-825D86883920}.Release|Any CPU.Build.0 = Release|Any CPU
		{0F441878-CCF9-40EB-B190-825D86883920}.Release|Mixed Platforms.ActiveCfg = Release|Any CPU
		{0F441878-CCF9-40EB-B190-825D86883920}.Release|Mixed Platforms.Build.0 = Release|Any CPU
		{0F441878-CCF9-40EB-B190-825D86883920}.Release|x86.ActiveCfg = Release|Any CPU
		{0F441878-CCF9-40EB-B190-825D86883920}.Release|x86.Build.0 = Release|Any CPU
		{8D1A9478-6E11-4FB2-8537-E7497E004612}.Debug|Any CPU.ActiveCfg = Debug|Any CPU
		{8D1A9478-6E11-4FB2-8537-E7497E004612}.Debug|Any CPU.Build.0 = Debug|Any CPU
		{8D1A9478-6E11-4FB2-8537-E7497E004612}.Debug|Mixed Platforms.ActiveCfg = Debug|Any CPU
		{8D1A9478-6E11-4FB2-8537-E7497E004612}.Debug|Mixed Platforms.Build.0 = Debug|Any CPU
		{8D1A9478-6E11-4FB2-8537-E7497E004612}.Debug|x86.ActiveCfg = Debug|Any CPU
		{8D1A9478-6E11-4FB2-8537-E7497E004612}.Debug|x86.Build.0 = Debug|Any CPU
		{8D1A9478-6E11-4FB2-8537-E7497E004612}.Release|Any CPU.ActiveCfg = Release|Any CPU
		{8D1A9478-6E11-4FB2-8537-E7497E004612}.Release|Any CPU.Build.0 = Release|Any CPU
		{8D1A9478-6E11-4FB2-8537-E7497E004612}.Release|Mixed Platforms.ActiveCfg = Release|Any CPU
		{8D1A9478-6E11-4FB2-8537-E7497E004612}.Release|Mixed Platforms.Build.0 = Release|Any CPU
		{8D1A9478-6E11-4FB2-8537-E7497E004612}.Release|x86.ActiveCfg = Release|Any CPU
		{8D1A9478-6E11-4FB2-8537-E7497E004612}.Release|x86.Build.0 = Release|Any CPU
		{DA39FFF7-0FC5-4F5B-8224-AA8E3026BBC0}.Debug|Any CPU.ActiveCfg = Debug|Any CPU
		{DA39FFF7-0FC5-4F5B-8224-AA8E3026BBC0}.Debug|Any CPU.Build.0 = Debug|Any CPU
		{DA39FFF7-0FC5-4F5B-8224-AA8E3026BBC0}.Debug|Mixed Platforms.ActiveCfg = Debug|Any CPU
		{DA39FFF7-0FC5-4F5B-8224-AA8E3026BBC0}.Debug|Mixed Platforms.Build.0 = Debug|Any CPU
		{DA39FFF7-0FC5-4F5B-8224-AA8E3026BBC0}.Debug|x86.ActiveCfg = Debug|Any CPU
		{DA39FFF7-0FC5-4F5B-8224-AA8E3026BBC0}.Debug|x86.Build.0 = Debug|Any CPU
		{DA39FFF7-0FC5-4F5B-8224-AA8E3026BBC0}.Release|Any CPU.ActiveCfg = Release|Any CPU
		{DA39FFF7-0FC5-4F5B-8224-AA8E3026BBC0}.Release|Any CPU.Build.0 = Release|Any CPU
		{DA39FFF7-0FC5-4F5B-8224-AA8E3026BBC0}.Release|Mixed Platforms.ActiveCfg = Release|Any CPU
		{DA39FFF7-0FC5-4F5B-8224-AA8E3026BBC0}.Release|Mixed Platforms.Build.0 = Release|Any CPU
		{DA39FFF7-0FC5-4F5B-8224-AA8E3026BBC0}.Release|x86.ActiveCfg = Release|Any CPU
		{DA39FFF7-0FC5-4F5B-8224-AA8E3026BBC0}.Release|x86.Build.0 = Release|Any CPU
		{8E91B287-88A7-4AAA-B5E2-6ED46C2DBC2D}.Debug|Any CPU.ActiveCfg = Debug|Any CPU
		{8E91B287-88A7-4AAA-B5E2-6ED46C2DBC2D}.Debug|Any CPU.Build.0 = Debug|Any CPU
		{8E91B287-88A7-4AAA-B5E2-6ED46C2DBC2D}.Debug|Mixed Platforms.ActiveCfg = Debug|Any CPU
		{8E91B287-88A7-4AAA-B5E2-6ED46C2DBC2D}.Debug|Mixed Platforms.Build.0 = Debug|Any CPU
		{8E91B287-88A7-4AAA-B5E2-6ED46C2DBC2D}.Debug|x86.ActiveCfg = Debug|Any CPU
		{8E91B287-88A7-4AAA-B5E2-6ED46C2DBC2D}.Debug|x86.Build.0 = Debug|Any CPU
		{8E91B287-88A7-4AAA-B5E2-6ED46C2DBC2D}.Release|Any CPU.ActiveCfg = Release|Any CPU
		{8E91B287-88A7-4AAA-B5E2-6ED46C2DBC2D}.Release|Any CPU.Build.0 = Release|Any CPU
		{8E91B287-88A7-4AAA-B5E2-6ED46C2DBC2D}.Release|Mixed Platforms.ActiveCfg = Release|Any CPU
		{8E91B287-88A7-4AAA-B5E2-6ED46C2DBC2D}.Release|Mixed Platforms.Build.0 = Release|Any CPU
		{8E91B287-88A7-4AAA-B5E2-6ED46C2DBC2D}.Release|x86.ActiveCfg = Release|Any CPU
		{8E91B287-88A7-4AAA-B5E2-6ED46C2DBC2D}.Release|x86.Build.0 = Release|Any CPU
		{D3A91B3E-3C8E-429F-A5BA-B3178AB1D5A1}.Debug|Any CPU.ActiveCfg = Debug|Any CPU
		{D3A91B3E-3C8E-429F-A5BA-B3178AB1D5A1}.Debug|Any CPU.Build.0 = Debug|Any CPU
		{D3A91B3E-3C8E-429F-A5BA-B3178AB1D5A1}.Debug|Mixed Platforms.ActiveCfg = Debug|Any CPU
		{D3A91B3E-3C8E-429F-A5BA-B3178AB1D5A1}.Debug|Mixed Platforms.Build.0 = Debug|Any CPU
		{D3A91B3E-3C8E-429F-A5BA-B3178AB1D5A1}.Debug|x86.ActiveCfg = Debug|Any CPU
		{D3A91B3E-3C8E-429F-A5BA-B3178AB1D5A1}.Debug|x86.Build.0 = Debug|Any CPU
		{D3A91B3E-3C8E-429F-A5BA-B3178AB1D5A1}.Release|Any CPU.ActiveCfg = Release|Any CPU
		{D3A91B3E-3C8E-429F-A5BA-B3178AB1D5A1}.Release|Any CPU.Build.0 = Release|Any CPU
		{D3A91B3E-3C8E-429F-A5BA-B3178AB1D5A1}.Release|Mixed Platforms.ActiveCfg = Release|Any CPU
		{D3A91B3E-3C8E-429F-A5BA-B3178AB1D5A1}.Release|Mixed Platforms.Build.0 = Release|Any CPU
		{D3A91B3E-3C8E-429F-A5BA-B3178AB1D5A1}.Release|x86.ActiveCfg = Release|Any CPU
		{D3A91B3E-3C8E-429F-A5BA-B3178AB1D5A1}.Release|x86.Build.0 = Release|Any CPU
		{DF925964-C88B-4DCC-8509-EAB1847D1B05}.Debug|Any CPU.ActiveCfg = Debug|Any CPU
		{DF925964-C88B-4DCC-8509-EAB1847D1B05}.Debug|Any CPU.Build.0 = Debug|Any CPU
		{DF925964-C88B-4DCC-8509-EAB1847D1B05}.Debug|Mixed Platforms.ActiveCfg = Debug|Any CPU
		{DF925964-C88B-4DCC-8509-EAB1847D1B05}.Debug|Mixed Platforms.Build.0 = Debug|Any CPU
		{DF925964-C88B-4DCC-8509-EAB1847D1B05}.Debug|x86.ActiveCfg = Debug|Any CPU
		{DF925964-C88B-4DCC-8509-EAB1847D1B05}.Debug|x86.Build.0 = Debug|Any CPU
		{DF925964-C88B-4DCC-8509-EAB1847D1B05}.Release|Any CPU.ActiveCfg = Release|Any CPU
		{DF925964-C88B-4DCC-8509-EAB1847D1B05}.Release|Any CPU.Build.0 = Release|Any CPU
		{DF925964-C88B-4DCC-8509-EAB1847D1B05}.Release|Mixed Platforms.ActiveCfg = Release|Any CPU
		{DF925964-C88B-4DCC-8509-EAB1847D1B05}.Release|Mixed Platforms.Build.0 = Release|Any CPU
		{DF925964-C88B-4DCC-8509-EAB1847D1B05}.Release|x86.ActiveCfg = Release|Any CPU
		{DF925964-C88B-4DCC-8509-EAB1847D1B05}.Release|x86.Build.0 = Release|Any CPU
		{62AB1893-C173-41C7-9884-46A199244B13}.Debug|Any CPU.ActiveCfg = Debug|Any CPU
		{62AB1893-C173-41C7-9884-46A199244B13}.Debug|Any CPU.Build.0 = Debug|Any CPU
		{62AB1893-C173-41C7-9884-46A199244B13}.Debug|Mixed Platforms.ActiveCfg = Debug|Any CPU
		{62AB1893-C173-41C7-9884-46A199244B13}.Debug|Mixed Platforms.Build.0 = Debug|Any CPU
		{62AB1893-C173-41C7-9884-46A199244B13}.Debug|x86.ActiveCfg = Debug|Any CPU
		{62AB1893-C173-41C7-9884-46A199244B13}.Debug|x86.Build.0 = Debug|Any CPU
		{62AB1893-C173-41C7-9884-46A199244B13}.Release|Any CPU.ActiveCfg = Release|Any CPU
		{62AB1893-C173-41C7-9884-46A199244B13}.Release|Any CPU.Build.0 = Release|Any CPU
		{62AB1893-C173-41C7-9884-46A199244B13}.Release|Mixed Platforms.ActiveCfg = Release|Any CPU
		{62AB1893-C173-41C7-9884-46A199244B13}.Release|Mixed Platforms.Build.0 = Release|Any CPU
		{62AB1893-C173-41C7-9884-46A199244B13}.Release|x86.ActiveCfg = Release|Any CPU
		{62AB1893-C173-41C7-9884-46A199244B13}.Release|x86.Build.0 = Release|Any CPU
		{65DED7CA-9B84-45AE-84D4-13400A3842D7}.Debug|Any CPU.ActiveCfg = Debug|Any CPU
		{65DED7CA-9B84-45AE-84D4-13400A3842D7}.Debug|Any CPU.Build.0 = Debug|Any CPU
		{65DED7CA-9B84-45AE-84D4-13400A3842D7}.Debug|Mixed Platforms.ActiveCfg = Debug|Any CPU
		{65DED7CA-9B84-45AE-84D4-13400A3842D7}.Debug|Mixed Platforms.Build.0 = Debug|Any CPU
		{65DED7CA-9B84-45AE-84D4-13400A3842D7}.Debug|x86.ActiveCfg = Debug|Any CPU
		{65DED7CA-9B84-45AE-84D4-13400A3842D7}.Debug|x86.Build.0 = Debug|Any CPU
		{65DED7CA-9B84-45AE-84D4-13400A3842D7}.Release|Any CPU.ActiveCfg = Release|Any CPU
		{65DED7CA-9B84-45AE-84D4-13400A3842D7}.Release|Any CPU.Build.0 = Release|Any CPU
		{65DED7CA-9B84-45AE-84D4-13400A3842D7}.Release|Mixed Platforms.ActiveCfg = Release|Any CPU
		{65DED7CA-9B84-45AE-84D4-13400A3842D7}.Release|Mixed Platforms.Build.0 = Release|Any CPU
		{65DED7CA-9B84-45AE-84D4-13400A3842D7}.Release|x86.ActiveCfg = Release|Any CPU
		{65DED7CA-9B84-45AE-84D4-13400A3842D7}.Release|x86.Build.0 = Release|Any CPU
		{78AB89DD-1D81-4619-8750-2DABDA071FD4}.Debug|Any CPU.ActiveCfg = Debug|Any CPU
		{78AB89DD-1D81-4619-8750-2DABDA071FD4}.Debug|Any CPU.Build.0 = Debug|Any CPU
		{78AB89DD-1D81-4619-8750-2DABDA071FD4}.Debug|Mixed Platforms.ActiveCfg = Debug|Any CPU
		{78AB89DD-1D81-4619-8750-2DABDA071FD4}.Debug|Mixed Platforms.Build.0 = Debug|Any CPU
		{78AB89DD-1D81-4619-8750-2DABDA071FD4}.Debug|x86.ActiveCfg = Debug|Any CPU
		{78AB89DD-1D81-4619-8750-2DABDA071FD4}.Debug|x86.Build.0 = Debug|Any CPU
		{78AB89DD-1D81-4619-8750-2DABDA071FD4}.Release|Any CPU.ActiveCfg = Release|Any CPU
		{78AB89DD-1D81-4619-8750-2DABDA071FD4}.Release|Any CPU.Build.0 = Release|Any CPU
		{78AB89DD-1D81-4619-8750-2DABDA071FD4}.Release|Mixed Platforms.ActiveCfg = Release|Any CPU
		{78AB89DD-1D81-4619-8750-2DABDA071FD4}.Release|Mixed Platforms.Build.0 = Release|Any CPU
		{78AB89DD-1D81-4619-8750-2DABDA071FD4}.Release|x86.ActiveCfg = Release|Any CPU
		{78AB89DD-1D81-4619-8750-2DABDA071FD4}.Release|x86.Build.0 = Release|Any CPU
	EndGlobalSection
	GlobalSection(SolutionProperties) = preSolution
		HideSolutionNode = FALSE
	EndGlobalSection
	GlobalSection(NestedProjects) = preSolution
		{D78C920D-C96B-4973-BBC8-35E5DB54DF2A} = {12417079-E62C-4F29-ADDE-5EABD77331E2}
		{B231A39E-9D8A-4F63-9DFF-4FB7B5A900AB} = {C9CB5265-6B89-42F1-BA20-2F85427359E7}
		{5AE563BF-2E6F-4096-A324-7A5A72B2CBAC} = {C9CB5265-6B89-42F1-BA20-2F85427359E7}
		{CE700879-20DD-4FAE-B431-884802B99A2D} = {C9CB5265-6B89-42F1-BA20-2F85427359E7}
		{51A78BF1-4708-45EC-9F2E-59A24D64DB05} = {12417079-E62C-4F29-ADDE-5EABD77331E2}
		{E1EF936E-182E-47BD-B658-87C0D872AB0C} = {12417079-E62C-4F29-ADDE-5EABD77331E2}
		{BBD59F3E-FB5A-4972-8195-AC980E9677FD} = {24717111-7EE5-4F52-B1BA-328167E51C91}
		{0E0A93F8-27ED-4114-81CB-AA6250EF8CDD} = {24717111-7EE5-4F52-B1BA-328167E51C91}
		{0F441878-CCF9-40EB-B190-825D86883920} = {24717111-7EE5-4F52-B1BA-328167E51C91}
		{8D1A9478-6E11-4FB2-8537-E7497E004612} = {12417079-E62C-4F29-ADDE-5EABD77331E2}
		{DA39FFF7-0FC5-4F5B-8224-AA8E3026BBC0} = {C9CB5265-6B89-42F1-BA20-2F85427359E7}
		{8E91B287-88A7-4AAA-B5E2-6ED46C2DBC2D} = {24717111-7EE5-4F52-B1BA-328167E51C91}
		{D3A91B3E-3C8E-429F-A5BA-B3178AB1D5A1} = {C9CB5265-6B89-42F1-BA20-2F85427359E7}
		{DF925964-C88B-4DCC-8509-EAB1847D1B05} = {C9CB5265-6B89-42F1-BA20-2F85427359E7}
		{62AB1893-C173-41C7-9884-46A199244B13} = {24717111-7EE5-4F52-B1BA-328167E51C91}
		{65DED7CA-9B84-45AE-84D4-13400A3842D7} = {C9CB5265-6B89-42F1-BA20-2F85427359E7}
		{78AB89DD-1D81-4619-8750-2DABDA071FD4} = {C9CB5265-6B89-42F1-BA20-2F85427359E7}
	EndGlobalSection
	GlobalSection(ExtensibilityGlobals) = postSolution
		SolutionGuid = {F567DF02-5944-4752-8996-BF7B12DC4DF3}
	EndGlobalSection
EndGlobal
